
Microsoft Visual Studio Solution File, Format Version 12.00
# Visual Studio Version 17
VisualStudioVersion = 17.11.35431.28
MinimumVisualStudioVersion = 10.0.40219.1
Project("{FAE04EC0-301F-11D3-BF4B-00C04F79EFBC}") = "EcoSystemsAutomation", "EcoSystemsAutomation.csproj", "{C76BCE5E-2354-450A-A186-7F6CF8039E00}"
EndProject
Project("{FAE04EC0-301F-11D3-BF4B-00C04F79EFBC}") = "TACRunner", "..\TACRunner\TACRunner.csproj", "{3F2728C0-AA5F-41A0-9F25-AB4A08D884D9}"
EndProject
Global
	GlobalSection(SolutionConfigurationPlatforms) = preSolution
		Debug|Any CPU = Debug|Any CPU
		Release|Any CPU = Release|Any CPU
	EndGlobalSection
	GlobalSection(ProjectConfigurationPlatforms) = postSolution
		{C76BCE5E-2354-450A-A186-7F6CF8039E00}.Debug|Any CPU.ActiveCfg = Debug|Any CPU
		{C76BCE5E-2354-450A-A186-7F6CF8039E00}.Debug|Any CPU.Build.0 = Debug|Any CPU
		{C76BCE5E-2354-450A-A186-7F6CF8039E00}.Release|Any CPU.ActiveCfg = Release|Any CPU
		{C76BCE5E-2354-450A-A186-7F6CF8039E00}.Release|Any CPU.Build.0 = Release|Any CPU
		{3F2728C0-AA5F-41A0-9F25-AB4A08D884D9}.Debug|Any CPU.ActiveCfg = Debug|Any CPU
		{3F2728C0-AA5F-41A0-9F25-AB4A08D884D9}.Debug|Any CPU.Build.0 = Debug|Any CPU
		{3F2728C0-AA5F-41A0-9F25-AB4A08D884D9}.Release|Any CPU.ActiveCfg = Release|Any CPU
		{3F2728C0-AA5F-41A0-9F25-AB4A08D884D9}.Release|Any CPU.Build.0 = Release|Any CPU
	EndGlobalSection
	GlobalSection(SolutionProperties) = preSolution
		HideSolutionNode = FALSE
	EndGlobalSection
	GlobalSection(ExtensibilityGlobals) = postSolution
		SolutionGuid = {C3615AC1-DF15-4EAA-82EE-078B04F1C6B1}
	EndGlobalSection
EndGlobal
